// !$*UTF8*$!
{
	archiveVersion = 1;
	classes = {
	};
	objectVersion = 46;
	objects = {

/* Begin PBXBuildFile section */
		5B49D14E18965D3C0054D74B /* Foundation.framework in Frameworks */ = {isa = PBXBuildFile; fileRef = 5B49D14D18965D3C0054D74B /* Foundation.framework */; };
		5B49D15018965D3C0054D74B /* CoreGraphics.framework in Frameworks */ = {isa = PBXBuildFile; fileRef = 5B49D14F18965D3C0054D74B /* CoreGraphics.framework */; };
		5B49D15218965D3C0054D74B /* UIKit.framework in Frameworks */ = {isa = PBXBuildFile; fileRef = 5B49D15118965D3C0054D74B /* UIKit.framework */; };
		5B49D15818965D3C0054D74B /* InfoPlist.strings in Resources */ = {isa = PBXBuildFile; fileRef = 5B49D15618965D3C0054D74B /* InfoPlist.strings */; };
		5B49D15A18965D3C0054D74B /* main.m in Sources */ = {isa = PBXBuildFile; fileRef = 5B49D15918965D3C0054D74B /* main.m */; };
		5B49D15E18965D3C0054D74B /* AppDelegate.m in Sources */ = {isa = PBXBuildFile; fileRef = 5B49D15D18965D3C0054D74B /* AppDelegate.m */; };
		5B49D16018965D3C0054D74B /* Images.xcassets in Resources */ = {isa = PBXBuildFile; fileRef = 5B49D15F18965D3C0054D74B /* Images.xcassets */; };
		5B49D16718965D3C0054D74B /* XCTest.framework in Frameworks */ = {isa = PBXBuildFile; fileRef = 5B49D16618965D3C0054D74B /* XCTest.framework */; };
		5B49D16818965D3C0054D74B /* Foundation.framework in Frameworks */ = {isa = PBXBuildFile; fileRef = 5B49D14D18965D3C0054D74B /* Foundation.framework */; };
		5B49D16918965D3C0054D74B /* UIKit.framework in Frameworks */ = {isa = PBXBuildFile; fileRef = 5B49D15118965D3C0054D74B /* UIKit.framework */; };
		5B49D17118965D3C0054D74B /* InfoPlist.strings in Resources */ = {isa = PBXBuildFile; fileRef = 5B49D16F18965D3C0054D74B /* InfoPlist.strings */; };
		5B49D17318965D3C0054D74B /* Eric_GitTestTests.m in Sources */ = {isa = PBXBuildFile; fileRef = 5B49D17218965D3C0054D74B /* Eric_GitTestTests.m */; };
/* End PBXBuildFile section */

/* Begin PBXContainerItemProxy section */
		5B49D16A18965D3C0054D74B /* PBXContainerItemProxy */ = {
			isa = PBXContainerItemProxy;
			containerPortal = 5B49D14218965D3C0054D74B /* Project object */;
			proxyType = 1;
			remoteGlobalIDString = 5B49D14918965D3C0054D74B;
			remoteInfo = Eric_GitTest;
		};
/* End PBXContainerItemProxy section */

/* Begin PBXFileReference section */
		5B49D14A18965D3C0054D74B /* Eric_GitTest.app */ = {isa = PBXFileReference; explicitFileType = wrapper.application; includeInIndex = 0; path = Eric_GitTest.app; sourceTree = BUILT_PRODUCTS_DIR; };
		5B49D14D18965D3C0054D74B /* Foundation.framework */ = {isa = PBXFileReference; lastKnownFileType = wrapper.framework; name = Foundation.framework; path = System/Library/Frameworks/Foundation.framework; sourceTree = SDKROOT; };
		5B49D14F18965D3C0054D74B /* CoreGraphics.framework */ = {isa = PBXFileReference; lastKnownFileType = wrapper.framework; name = CoreGraphics.framework; path = System/Library/Frameworks/CoreGraphics.framework; sourceTree = SDKROOT; };
		5B49D15118965D3C0054D74B /* UIKit.framework */ = {isa = PBXFileReference; lastKnownFileType = wrapper.framework; name = UIKit.framework; path = System/Library/Frameworks/UIKit.framework; sourceTree = SDKROOT; };
		5B49D15518965D3C0054D74B /* Eric_GitTest-Info.plist */ = {isa = PBXFileReference; lastKnownFileType = text.plist.xml; path = "Eric_GitTest-Info.plist"; sourceTree = "<group>"; };
		5B49D15718965D3C0054D74B /* en */ = {isa = PBXFileReference; lastKnownFileType = text.plist.strings; name = en; path = en.lproj/InfoPlist.strings; sourceTree = "<group>"; };
		5B49D15918965D3C0054D74B /* main.m */ = {isa = PBXFileReference; lastKnownFileType = sourcecode.c.objc; path = main.m; sourceTree = "<group>"; };
		5B49D15B18965D3C0054D74B /* Eric_GitTest-Prefix.pch */ = {isa = PBXFileReference; lastKnownFileType = sourcecode.c.h; path = "Eric_GitTest-Prefix.pch"; sourceTree = "<group>"; };
		5B49D15C18965D3C0054D74B /* AppDelegate.h */ = {isa = PBXFileReference; lastKnownFileType = sourcecode.c.h; path = AppDelegate.h; sourceTree = "<group>"; };
		5B49D15D18965D3C0054D74B /* AppDelegate.m */ = {isa = PBXFileReference; lastKnownFileType = sourcecode.c.objc; path = AppDelegate.m; sourceTree = "<group>"; };
		5B49D15F18965D3C0054D74B /* Images.xcassets */ = {isa = PBXFileReference; lastKnownFileType = folder.assetcatalog; path = Images.xcassets; sourceTree = "<group>"; };
		5B49D16518965D3C0054D74B /* Eric_GitTestTests.xctest */ = {isa = PBXFileReference; explicitFileType = wrapper.cfbundle; includeInIndex = 0; path = Eric_GitTestTests.xctest; sourceTree = BUILT_PRODUCTS_DIR; };
		5B49D16618965D3C0054D74B /* XCTest.framework */ = {isa = PBXFileReference; lastKnownFileType = wrapper.framework; name = XCTest.framework; path = Library/Frameworks/XCTest.framework; sourceTree = DEVELOPER_DIR; };
		5B49D16E18965D3C0054D74B /* Eric_GitTestTests-Info.plist */ = {isa = PBXFileReference; lastKnownFileType = text.plist.xml; path = "Eric_GitTestTests-Info.plist"; sourceTree = "<group>"; };
		5B49D17018965D3C0054D74B /* en */ = {isa = PBXFileReference; lastKnownFileType = text.plist.strings; name = en; path = en.lproj/InfoPlist.strings; sourceTree = "<group>"; };
		5B49D17218965D3C0054D74B /* Eric_GitTestTests.m */ = {isa = PBXFileReference; lastKnownFileType = sourcecode.c.objc; path = Eric_GitTestTests.m; sourceTree = "<group>"; };
/* End PBXFileReference section */

/* Begin PBXFrameworksBuildPhase section */
		5B49D14718965D3C0054D74B /* Frameworks */ = {
			isa = PBXFrameworksBuildPhase;
			buildActionMask = 2147483647;
			files = (
				5B49D15018965D3C0054D74B /* CoreGraphics.framework in Frameworks */,
				5B49D15218965D3C0054D74B /* UIKit.framework in Frameworks */,
				5B49D14E18965D3C0054D74B /* Foundation.framework in Frameworks */,
			);
			runOnlyForDeploymentPostprocessing = 0;
		};
		5B49D16218965D3C0054D74B /* Frameworks */ = {
			isa = PBXFrameworksBuildPhase;
			buildActionMask = 2147483647;
			files = (
				5B49D16718965D3C0054D74B /* XCTest.framework in Frameworks */,
				5B49D16918965D3C0054D74B /* UIKit.framework in Frameworks */,
				5B49D16818965D3C0054D74B /* Foundation.framework in Frameworks */,
			);
			runOnlyForDeploymentPostprocessing = 0;
		};
/* End PBXFrameworksBuildPhase section */

/* Begin PBXGroup section */
		5B49D14118965D3C0054D74B = {
			isa = PBXGroup;
			children = (
				5B49D15318965D3C0054D74B /* Eric_GitTest */,
				5B49D16C18965D3C0054D74B /* Eric_GitTestTests */,
				5B49D14C18965D3C0054D74B /* Frameworks */,
				5B49D14B18965D3C0054D74B /* Products */,
			);
			sourceTree = "<group>";
		};
		5B49D14B18965D3C0054D74B /* Products */ = {
			isa = PBXGroup;
			children = (
				5B49D14A18965D3C0054D74B /* Eric_GitTest.app */,
				5B49D16518965D3C0054D74B /* Eric_GitTestTests.xctest */,
			);
			name = Products;
			sourceTree = "<group>";
		};
		5B49D14C18965D3C0054D74B /* Frameworks */ = {
			isa = PBXGroup;
			children = (
				5B49D14D18965D3C0054D74B /* Foundation.framework */,
				5B49D14F18965D3C0054D74B /* CoreGraphics.framework */,
				5B49D15118965D3C0054D74B /* UIKit.framework */,
				5B49D16618965D3C0054D74B /* XCTest.framework */,
			);
			name = Frameworks;
			sourceTree = "<group>";
		};
		5B49D15318965D3C0054D74B /* Eric_GitTest */ = {
			isa = PBXGroup;
			children = (
				5B49D15C18965D3C0054D74B /* AppDelegate.h */,
				5B49D15D18965D3C0054D74B /* AppDelegate.m */,
				5B49D15F18965D3C0054D74B /* Images.xcassets */,
				5B49D15418965D3C0054D74B /* Supporting Files */,
			);
			path = Eric_GitTest;
			sourceTree = "<group>";
		};
		5B49D15418965D3C0054D74B /* Supporting Files */ = {
			isa = PBXGroup;
			children = (
				5B49D15518965D3C0054D74B /* Eric_GitTest-Info.plist */,
				5B49D15618965D3C0054D74B /* InfoPlist.strings */,
				5B49D15918965D3C0054D74B /* main.m */,
				5B49D15B18965D3C0054D74B /* Eric_GitTest-Prefix.pch */,
			);
			name = "Supporting Files";
			sourceTree = "<group>";
		};
		5B49D16C18965D3C0054D74B /* Eric_GitTestTests */ = {
			isa = PBXGroup;
			children = (
				5B49D17218965D3C0054D74B /* Eric_GitTestTests.m */,
				5B49D16D18965D3C0054D74B /* Supporting Files */,
			);
			path = Eric_GitTestTests;
			sourceTree = "<group>";
		};
		5B49D16D18965D3C0054D74B /* Supporting Files */ = {
			isa = PBXGroup;
			children = (
				5B49D16E18965D3C0054D74B /* Eric_GitTestTests-Info.plist */,
				5B49D16F18965D3C0054D74B /* InfoPlist.strings */,
			);
			name = "Supporting Files";
			sourceTree = "<group>";
		};
/* End PBXGroup section */

/* Begin PBXNativeTarget section */
		5B49D14918965D3C0054D74B /* Eric_GitTest */ = {
			isa = PBXNativeTarget;
			buildConfigurationList = 5B49D17618965D3C0054D74B /* Build configuration list for PBXNativeTarget "Eric_GitTest" */;
			buildPhases = (
				5B49D14618965D3C0054D74B /* Sources */,
				5B49D14718965D3C0054D74B /* Frameworks */,
				5B49D14818965D3C0054D74B /* Resources */,
			);
			buildRules = (
			);
			dependencies = (
			);
			name = Eric_GitTest;
			productName = Eric_GitTest;
			productReference = 5B49D14A18965D3C0054D74B /* Eric_GitTest.app */;
			productType = "com.apple.product-type.application";
		};
		5B49D16418965D3C0054D74B /* Eric_GitTestTests */ = {
			isa = PBXNativeTarget;
			buildConfigurationList = 5B49D17918965D3C0054D74B /* Build configuration list for PBXNativeTarget "Eric_GitTestTests" */;
			buildPhases = (
				5B49D16118965D3C0054D74B /* Sources */,
				5B49D16218965D3C0054D74B /* Frameworks */,
				5B49D16318965D3C0054D74B /* Resources */,
			);
			buildRules = (
			);
			dependencies = (
				5B49D16B18965D3C0054D74B /* PBXTargetDependency */,
			);
			name = Eric_GitTestTests;
			productName = Eric_GitTestTests;
			productReference = 5B49D16518965D3C0054D74B /* Eric_GitTestTests.xctest */;
			productType = "com.apple.product-type.bundle.unit-test";
		};
/* End PBXNativeTarget section */

/* Begin PBXProject section */
		5B49D14218965D3C0054D74B /* Project object */ = {
			isa = PBXProject;
			attributes = {
				LastUpgradeCheck = 0500;
				ORGANIZATIONNAME = Eric;
				TargetAttributes = {
					5B49D16418965D3C0054D74B = {
						TestTargetID = 5B49D14918965D3C0054D74B;
					};
				};
			};
			buildConfigurationList = 5B49D14518965D3C0054D74B /* Build configuration list for PBXProject "Eric_GitTest" */;
			compatibilityVersion = "Xcode 3.2";
			developmentRegion = English;
			hasScannedForEncodings = 0;
			knownRegions = (
				en,
			);
			mainGroup = 5B49D14118965D3C0054D74B;
			productRefGroup = 5B49D14B18965D3C0054D74B /* Products */;
			projectDirPath = "";
			projectRoot = "";
			targets = (
				5B49D14918965D3C0054D74B /* Eric_GitTest */,
				5B49D16418965D3C0054D74B /* Eric_GitTestTests */,
			);
		};
/* End PBXProject section */

/* Begin PBXResourcesBuildPhase section */
		5B49D14818965D3C0054D74B /* Resources */ = {
			isa = PBXResourcesBuildPhase;
			buildActionMask = 2147483647;
			files = (
				5B49D15818965D3C0054D74B /* InfoPlist.strings in Resources */,
				5B49D16018965D3C0054D74B /* Images.xcassets in Resources */,
			);
			runOnlyForDeploymentPostprocessing = 0;
		};
		5B49D16318965D3C0054D74B /* Resources */ = {
			isa = PBXResourcesBuildPhase;
			buildActionMask = 2147483647;
			files = (
				5B49D17118965D3C0054D74B /* InfoPlist.strings in Resources */,
			);
			runOnlyForDeploymentPostprocessing = 0;
		};
/* End PBXResourcesBuildPhase section */

/* Begin PBXSourcesBuildPhase section */
		5B49D14618965D3C0054D74B /* Sources */ = {
			isa = PBXSourcesBuildPhase;
			buildActionMask = 2147483647;
			files = (
				5B49D15E18965D3C0054D74B /* AppDelegate.m in Sources */,
				5B49D15A18965D3C0054D74B /* main.m in Sources */,
			);
			runOnlyForDeploymentPostprocessing = 0;
		};
		5B49D16118965D3C0054D74B /* Sources */ = {
			isa = PBXSourcesBuildPhase;
			buildActionMask = 2147483647;
			files = (
				5B49D17318965D3C0054D74B /* Eric_GitTestTests.m in Sources */,
			);
			runOnlyForDeploymentPostprocessing = 0;
		};
/* End PBXSourcesBuildPhase section */

/* Begin PBXTargetDependency section */
		5B49D16B18965D3C0054D74B /* PBXTargetDependency */ = {
			isa = PBXTargetDependency;
			target = 5B49D14918965D3C0054D74B /* Eric_GitTest */;
			targetProxy = 5B49D16A18965D3C0054D74B /* PBXContainerItemProxy */;
		};
/* End PBXTargetDependency section */

/* Begin PBXVariantGroup section */
		5B49D15618965D3C0054D74B /* InfoPlist.strings */ = {
			isa = PBXVariantGroup;
			children = (
				5B49D15718965D3C0054D74B /* en */,
			);
			name = InfoPlist.strings;
			sourceTree = "<group>";
		};
		5B49D16F18965D3C0054D74B /* InfoPlist.strings */ = {
			isa = PBXVariantGroup;
			children = (
				5B49D17018965D3C0054D74B /* en */,
			);
			name = InfoPlist.strings;
			sourceTree = "<group>";
		};
/* End PBXVariantGroup section */

/* Begin XCBuildConfiguration section */
		5B49D17418965D3C0054D74B /* Debug */ = {
			isa = XCBuildConfiguration;
			buildSettings = {
				ALWAYS_SEARCH_USER_PATHS = NO;
				ARCHS = "$(ARCHS_STANDARD_INCLUDING_64_BIT)";
				CLANG_CXX_LANGUAGE_STANDARD = "gnu++0x";
				CLANG_CXX_LIBRARY = "libc++";
				CLANG_ENABLE_MODULES = YES;
				CLANG_ENABLE_OBJC_ARC = YES;
				CLANG_WARN_BOOL_CONVERSION = YES;
				CLANG_WARN_CONSTANT_CONVERSION = YES;
				CLANG_WARN_DIRECT_OBJC_ISA_USAGE = YES_ERROR;
				CLANG_WARN_EMPTY_BODY = YES;
				CLANG_WARN_ENUM_CONVERSION = YES;
				CLANG_WARN_INT_CONVERSION = YES;
				CLANG_WARN_OBJC_ROOT_CLASS = YES_ERROR;
				CLANG_WARN__DUPLICATE_METHOD_MATCH = YES;
				"CODE_SIGN_IDENTITY[sdk=iphoneos*]" = "iPhone Developer";
				COPY_PHASE_STRIP = NO;
				GCC_C_LANGUAGE_STANDARD = gnu99;
				GCC_DYNAMIC_NO_PIC = NO;
				GCC_OPTIMIZATION_LEVEL = 0;
				GCC_PREPROCESSOR_DEFINITIONS = (
					"DEBUG=1",
					"$(inherited)",
				);
				GCC_SYMBOLS_PRIVATE_EXTERN = NO;
				GCC_WARN_64_TO_32_BIT_CONVERSION = YES;
				GCC_WARN_ABOUT_RETURN_TYPE = YES_ERROR;
				GCC_WARN_UNDECLARED_SELECTOR = YES;
				GCC_WARN_UNINITIALIZED_AUTOS = YES;
				GCC_WARN_UNUSED_FUNCTION = YES;
				GCC_WARN_UNUSED_VARIABLE = YES;
				IPHONEOS_DEPLOYMENT_TARGET = 7.0;
				ONLY_ACTIVE_ARCH = YES;
				SDKROOT = iphoneos;
			};
			name = Debug;
		};
		5B49D17518965D3C0054D74B /* Release */ = {
			isa = XCBuildConfiguration;
			buildSettings = {
				ALWAYS_SEARCH_USER_PATHS = NO;
				ARCHS = "$(ARCHS_STANDARD_INCLUDING_64_BIT)";
				CLANG_CXX_LANGUAGE_STANDARD = "gnu++0x";
				CLANG_CXX_LIBRARY = "libc++";
				CLANG_ENABLE_MODULES = YES;
				CLANG_ENABLE_OBJC_ARC = YES;
				CLANG_WARN_BOOL_CONVERSION = YES;
				CLANG_WARN_CONSTANT_CONVERSION = YES;
				CLANG_WARN_DIRECT_OBJC_ISA_USAGE = YES_ERROR;
				CLANG_WARN_EMPTY_BODY = YES;
				CLANG_WARN_ENUM_CONVERSION = YES;
				CLANG_WARN_INT_CONVERSION = YES;
				CLANG_WARN_OBJC_ROOT_CLASS = YES_ERROR;
				CLANG_WARN__DUPLICATE_METHOD_MATCH = YES;
				"CODE_SIGN_IDENTITY[sdk=iphoneos*]" = "iPhone Developer";
				COPY_PHASE_STRIP = YES;
				ENABLE_NS_ASSERTIONS = NO;
				GCC_C_LANGUAGE_STANDARD = gnu99;
				GCC_WARN_64_TO_32_BIT_CONVERSION = YES;
				GCC_WARN_ABOUT_RETURN_TYPE = YES_ERROR;
				GCC_WARN_UNDECLARED_SELECTOR = YES;
				GCC_WARN_UNINITIALIZED_AUTOS = YES;
				GCC_WARN_UNUSED_FUNCTION = YES;
				GCC_WARN_UNUSED_VARIABLE = YES;
				IPHONEOS_DEPLOYMENT_TARGET = 7.0;
				SDKROOT = iphoneos;
				VALIDATE_PRODUCT = YES;
			};
			name = Release;
		};
		5B49D17718965D3C0054D74B /* Debug */ = {
			isa = XCBuildConfiguration;
			buildSettings = {
				ASSETCATALOG_COMPILER_APPICON_NAME = AppIcon;
				ASSETCATALOG_COMPILER_LAUNCHIMAGE_NAME = LaunchImage;
				GCC_PRECOMPILE_PREFIX_HEADER = YES;
				GCC_PREFIX_HEADER = "Eric_GitTest/Eric_GitTest-Prefix.pch";
				INFOPLIST_FILE = "Eric_GitTest/Eric_GitTest-Info.plist";
				PRODUCT_NAME = "$(TARGET_NAME)";
				WRAPPER_EXTENSION = app;
			};
			name = Debug;
		};
		5B49D17818965D3C0054D74B /* Release */ = {
			isa = XCBuildConfiguration;
			buildSettings = {
				ASSETCATALOG_COMPILER_APPICON_NAME = AppIcon;
				ASSETCATALOG_COMPILER_LAUNCHIMAGE_NAME = LaunchImage;
				GCC_PRECOMPILE_PREFIX_HEADER = YES;
				GCC_PREFIX_HEADER = "Eric_GitTest/Eric_GitTest-Prefix.pch";
				INFOPLIST_FILE = "Eric_GitTest/Eric_GitTest-Info.plist";
				PRODUCT_NAME = "$(TARGET_NAME)";
				WRAPPER_EXTENSION = app;
			};
			name = Release;
		};
		5B49D17A18965D3C0054D74B /* Debug */ = {
			isa = XCBuildConfiguration;
			buildSettings = {
				ARCHS = "$(ARCHS_STANDARD_INCLUDING_64_BIT)";
				BUNDLE_LOADER = "$(BUILT_PRODUCTS_DIR)/Eric_GitTest.app/Eric_GitTest";
				FRAMEWORK_SEARCH_PATHS = (
					"$(SDKROOT)/Developer/Library/Frameworks",
					"$(inherited)",
					"$(DEVELOPER_FRAMEWORKS_DIR)",
				);
				GCC_PRECOMPILE_PREFIX_HEADER = YES;
				GCC_PREFIX_HEADER = "Eric_GitTest/Eric_GitTest-Prefix.pch";
				GCC_PREPROCESSOR_DEFINITIONS = (
					"DEBUG=1",
					"$(inherited)",
				);
				INFOPLIST_FILE = "Eric_GitTestTests/Eric_GitTestTests-Info.plist";
				PRODUCT_NAME = "$(TARGET_NAME)";
				TEST_HOST = "$(BUNDLE_LOADER)";
				WRAPPER_EXTENSION = xctest;
			};
			name = Debug;
		};
		5B49D17B18965D3C0054D74B /* Release */ = {
			isa = XCBuildConfiguration;
			buildSettings = {
				ARCHS = "$(ARCHS_STANDARD_INCLUDING_64_BIT)";
				BUNDLE_LOADER = "$(BUILT_PRODUCTS_DIR)/Eric_GitTest.app/Eric_GitTest";
				FRAMEWORK_SEARCH_PATHS = (
					"$(SDKROOT)/Developer/Library/Frameworks",
					"$(inherited)",
					"$(DEVELOPER_FRAMEWORKS_DIR)",
				);
				GCC_PRECOMPILE_PREFIX_HEADER = YES;
				GCC_PREFIX_HEADER = "Eric_GitTest/Eric_GitTest-Prefix.pch";
				INFOPLIST_FILE = "Eric_GitTestTests/Eric_GitTestTests-Info.plist";
				PRODUCT_NAME = "$(TARGET_NAME)";
				TEST_HOST = "$(BUNDLE_LOADER)";
				WRAPPER_EXTENSION = xctest;
			};
			name = Release;
		};
/* End XCBuildConfiguration section */

/* Begin XCConfigurationList section */
		5B49D14518965D3C0054D74B /* Build configuration list for PBXProject "Eric_GitTest" */ = {
			isa = XCConfigurationList;
			buildConfigurations = (
				5B49D17418965D3C0054D74B /* Debug */,
				5B49D17518965D3C0054D74B /* Release */,
			);
			defaultConfigurationIsVisible = 0;
			defaultConfigurationName = Release;
		};
		5B49D17618965D3C0054D74B /* Build configuration list for PBXNativeTarget "Eric_GitTest" */ = {
			isa = XCConfigurationList;
			buildConfigurations = (
				5B49D17718965D3C0054D74B /* Debug */,
				5B49D17818965D3C0054D74B /* Release */,
			);
			defaultConfigurationIsVisible = 0;
		};
		5B49D17918965D3C0054D74B /* Build configuration list for PBXNativeTarget "Eric_GitTestTests" */ = {
			isa = XCConfigurationList;
			buildConfigurations = (
				5B49D17A18965D3C0054D74B /* Debug */,
				5B49D17B18965D3C0054D74B /* Release */,
			);
			defaultConfigurationIsVisible = 0;
		};
/* End XCConfigurationList section */
	};
	rootObject = 5B49D14218965D3C0054D74B /* Project object */;
}
